<?xml version="1.0" encoding="utf-8"?>
<Project ToolsVersion="4.0" xmlns="http://schemas.microsoft.com/developer/msbuild/2003">
  <ItemGroup>
    <Filter Include="Source Files">
      <UniqueIdentifier>{4FC737F1-C7A5-4376-A066-2A32D752A2FF}</UniqueIdentifier>
      <Extensions>cpp;c;cc;cxx;def;odl;idl;hpj;bat;asm;asmx</Extensions>
    </Filter>
    <Filter Include="Header Files">
      <UniqueIdentifier>{93995380-89BD-4b04-88EB-625FBE52EBFB}</UniqueIdentifier>
      <Extensions>h;hh;hpp;hxx;hm;inl;inc;xsd</Extensions>
    </Filter>
  </ItemGroup>
  <ItemGroup>
    <ClInclude Include="..\include\pixman.h">
      <Filter>Header Files</Filter>
    </ClInclude>
    <ClInclude Include="..\include\pixman-version.h">
      <Filter>Header Files</Filter>
    </ClInclude>
    <ClInclude Include="..\src\pixman-accessor.h">
      <Filter>Header Files</Filter>
    </ClInclude>
    <ClInclude Include="..\src\pixman-combine32.h">
      <Filter>Header Files</Filter>
    </ClInclude>
    <ClInclude Include="..\src\pixman-compiler.h">
      <Filter>Header Files</Filter>
    </ClInclude>
    <ClInclude Include="..\src\pixman-edge-imp.h">
      <Filter>Header Files</Filter>
    </ClInclude>
    <ClInclude Include="..\src\pixman-inlines.h">
      <Filter>Header Files</Filter>
    </ClInclude>
    <ClInclude Include="..\src\pixman-private.h">
      <Filter>Header Files</Filter>
    </ClInclude>
  </ItemGroup>
  <ItemGroup>
    <ClCompile Include="..\src\pixman.c">
      <Filter>Source Files</Filter>
    </ClCompile>
    <ClCompile Include="..\src\pixman-access.c">
      <Filter>Source Files</Filter>
    </ClCompile>
    <ClCompile Include="..\src\pixman-access-accessors.c">
      <Filter>Source Files</Filter>
    </ClCompile>
    <ClCompile Include="..\src\pixman-arm.c">
      <Filter>Source Files</Filter>
    </ClCompile>
    <ClCompile Include="..\src\pixman-bits-image.c">
      <Filter>Source Files</Filter>
    </ClCompile>
    <ClCompile Include="..\src\pixman-combine32.c">
      <Filter>Source Files</Filter>
    </ClCompile>
    <ClCompile Include="..\src\pixman-combine-float.c">
      <Filter>Source Files</Filter>
    </ClCompile>
    <ClCompile Include="..\src\pixman-conical-gradient.c">
      <Filter>Source Files</Filter>
    </ClCompile>
    <ClCompile Include="..\src\pixman-edge.c">
      <Filter>Source Files</Filter>
    </ClCompile>
    <ClCompile Include="..\src\pixman-edge-accessors.c">
      <Filter>Source Files</Filter>
    </ClCompile>
    <ClCompile Include="..\src\pixman-fast-path.c">
      <Filter>Source Files</Filter>
    </ClCompile>
    <ClCompile Include="..\src\pixman-filter.c">
      <Filter>Source Files</Filter>
    </ClCompile>
    <ClCompile Include="..\src\pixman-general.c">
      <Filter>Source Files</Filter>
    </ClCompile>
    <ClCompile Include="..\src\pixman-glyph.c">
      <Filter>Source Files</Filter>
    </ClCompile>
    <ClCompile Include="..\src\pixman-gradient-walker.c">
      <Filter>Source Files</Filter>
    </ClCompile>
    <ClCompile Include="..\src\pixman-image.c">
      <Filter>Source Files</Filter>
    </ClCompile>
    <ClCompile Include="..\src\pixman-implementation.c">
      <Filter>Source Files</Filter>
    </ClCompile>
    <ClCompile Include="..\src\pixman-linear-gradient.c">
      <Filter>Source Files</Filter>
    </ClCompile>
    <ClCompile Include="..\src\pixman-matrix.c">
      <Filter>Source Files</Filter>
    </ClCompile>
    <ClCompile Include="..\src\pixman-mips.c">
      <Filter>Source Files</Filter>
    </ClCompile>
    <ClCompile Include="..\src\pixman-noop.c">
      <Filter>Source Files</Filter>
    </ClCompile>
    <ClCompile Include="..\src\pixman-ppc.c">
      <Filter>Source Files</Filter>
    </ClCompile>
    <ClCompile Include="..\src\pixman-radial-gradient.c">
      <Filter>Source Files</Filter>
    </ClCompile>
    <ClCompile Include="..\src\pixman-region16.c">
      <Filter>Source Files</Filter>
    </ClCompile>
    <ClCompile Include="..\src\pixman-region32.c">
      <Filter>Source Files</Filter>
    </ClCompile>
    <ClCompile Include="..\src\pixman-solid-fill.c">
      <Filter>Source Files</Filter>
    </ClCompile>
    <ClCompile Include="..\src\pixman-sse2.c">
      <Filter>Source Files</Filter>
    </ClCompile>
    <ClCompile Include="..\src\pixman-timer.c">
      <Filter>Source Files</Filter>
    </ClCompile>
    <ClCompile Include="..\src\pixman-trap.c">
      <Filter>Source Files</Filter>
    </ClCompile>
    <ClCompile Include="..\src\pixman-utils.c">
      <Filter>Source Files</Filter>
    </ClCompile>
    <ClCompile Include="..\src\pixman-x86.c">
      <Filter>Source Files</Filter>
    </ClCompile>
  </ItemGroup>
</Project>